// !$*UTF8*$!
{
	archiveVersion = 1;
	classes = {
	};
	objectVersion = 51;
	objects = {

/* Begin PBXBuildFile section */
		363F58D44FC5EA04E1FEFE9A /* Pods_Trial_Project_Final.framework in Frameworks */ = {isa = PBXBuildFile; fileRef = DC55880311E2AAF78B930B00 /* Pods_Trial_Project_Final.framework */; };
		BAD59B2624C18F850057F8F8 /* SlideMenu.xib in Resources */ = {isa = PBXBuildFile; fileRef = BAD59B2524C18F850057F8F8 /* SlideMenu.xib */; };
		BAD59B2824C18F970057F8F8 /* SlideMenu.swift in Sources */ = {isa = PBXBuildFile; fileRef = BAD59B2724C18F970057F8F8 /* SlideMenu.swift */; };
		BAD59B2E24C1AAB30057F8F8 /* LoginViewController.swift in Sources */ = {isa = PBXBuildFile; fileRef = BAD59B2D24C1AAB30057F8F8 /* LoginViewController.swift */; };
		BAD59B3224C1B60A0057F8F8 /* ProductManagementViewController.swift in Sources */ = {isa = PBXBuildFile; fileRef = BAD59B3024C1B60A0057F8F8 /* ProductManagementViewController.swift */; };
		BAD59B3324C1B60A0057F8F8 /* ProductManagementViewController.xib in Resources */ = {isa = PBXBuildFile; fileRef = BAD59B3124C1B60A0057F8F8 /* ProductManagementViewController.xib */; };
		BAD6931224C16408000F8432 /* AppDelegate.swift in Sources */ = {isa = PBXBuildFile; fileRef = BAD6931124C16408000F8432 /* AppDelegate.swift */; };
		BAD6931424C16408000F8432 /* SceneDelegate.swift in Sources */ = {isa = PBXBuildFile; fileRef = BAD6931324C16408000F8432 /* SceneDelegate.swift */; };
		BAD6931624C16408000F8432 /* MenuViewController.swift in Sources */ = {isa = PBXBuildFile; fileRef = BAD6931524C16408000F8432 /* MenuViewController.swift */; };
		BAD6931924C16408000F8432 /* Main.storyboard in Resources */ = {isa = PBXBuildFile; fileRef = BAD6931724C16408000F8432 /* Main.storyboard */; };
		BAD6931B24C1640A000F8432 /* Assets.xcassets in Resources */ = {isa = PBXBuildFile; fileRef = BAD6931A24C1640A000F8432 /* Assets.xcassets */; };
		BAD6931E24C1640A000F8432 /* LaunchScreen.storyboard in Resources */ = {isa = PBXBuildFile; fileRef = BAD6931C24C1640A000F8432 /* LaunchScreen.storyboard */; };
/* End PBXBuildFile section */

/* Begin PBXFileReference section */
		4E023F931785E321C98BDCF0 /* Pods-Trial-Project-Final.release.xcconfig */ = {isa = PBXFileReference; includeInIndex = 1; lastKnownFileType = text.xcconfig; name = "Pods-Trial-Project-Final.release.xcconfig"; path = "Target Support Files/Pods-Trial-Project-Final/Pods-Trial-Project-Final.release.xcconfig"; sourceTree = "<group>"; };
		8F30463340FA3B5BD75B2C5E /* Pods-Trial-Project-Final.debug.xcconfig */ = {isa = PBXFileReference; includeInIndex = 1; lastKnownFileType = text.xcconfig; name = "Pods-Trial-Project-Final.debug.xcconfig"; path = "Target Support Files/Pods-Trial-Project-Final/Pods-Trial-Project-Final.debug.xcconfig"; sourceTree = "<group>"; };
		BAD59B2524C18F850057F8F8 /* SlideMenu.xib */ = {isa = PBXFileReference; lastKnownFileType = file.xib; path = SlideMenu.xib; sourceTree = "<group>"; };
		BAD59B2724C18F970057F8F8 /* SlideMenu.swift */ = {isa = PBXFileReference; lastKnownFileType = sourcecode.swift; path = SlideMenu.swift; sourceTree = "<group>"; };
		BAD59B2D24C1AAB30057F8F8 /* LoginViewController.swift */ = {isa = PBXFileReference; lastKnownFileType = sourcecode.swift; path = LoginViewController.swift; sourceTree = "<group>"; };
		BAD59B3024C1B60A0057F8F8 /* ProductManagementViewController.swift */ = {isa = PBXFileReference; lastKnownFileType = sourcecode.swift; path = ProductManagementViewController.swift; sourceTree = "<group>"; };
		BAD59B3124C1B60A0057F8F8 /* ProductManagementViewController.xib */ = {isa = PBXFileReference; lastKnownFileType = file.xib; path = ProductManagementViewController.xib; sourceTree = "<group>"; };
		BAD6930E24C16408000F8432 /* Trial-Project-Final.app */ = {isa = PBXFileReference; explicitFileType = wrapper.application; includeInIndex = 0; path = "Trial-Project-Final.app"; sourceTree = BUILT_PRODUCTS_DIR; };
		BAD6931124C16408000F8432 /* AppDelegate.swift */ = {isa = PBXFileReference; lastKnownFileType = sourcecode.swift; path = AppDelegate.swift; sourceTree = "<group>"; };
		BAD6931324C16408000F8432 /* SceneDelegate.swift */ = {isa = PBXFileReference; lastKnownFileType = sourcecode.swift; path = SceneDelegate.swift; sourceTree = "<group>"; };
		BAD6931524C16408000F8432 /* MenuViewController.swift */ = {isa = PBXFileReference; lastKnownFileType = sourcecode.swift; path = MenuViewController.swift; sourceTree = "<group>"; };
		BAD6931824C16408000F8432 /* Base */ = {isa = PBXFileReference; lastKnownFileType = file.storyboard; name = Base; path = Base.lproj/Main.storyboard; sourceTree = "<group>"; };
		BAD6931A24C1640A000F8432 /* Assets.xcassets */ = {isa = PBXFileReference; lastKnownFileType = folder.assetcatalog; path = Assets.xcassets; sourceTree = "<group>"; };
		BAD6931D24C1640A000F8432 /* Base */ = {isa = PBXFileReference; lastKnownFileType = file.storyboard; name = Base; path = Base.lproj/LaunchScreen.storyboard; sourceTree = "<group>"; };
		BAD6931F24C1640A000F8432 /* Info.plist */ = {isa = PBXFileReference; lastKnownFileType = text.plist.xml; path = Info.plist; sourceTree = "<group>"; };
		DC55880311E2AAF78B930B00 /* Pods_Trial_Project_Final.framework */ = {isa = PBXFileReference; explicitFileType = wrapper.framework; includeInIndex = 0; path = Pods_Trial_Project_Final.framework; sourceTree = BUILT_PRODUCTS_DIR; };
/* End PBXFileReference section */

/* Begin PBXFrameworksBuildPhase section */
		BAD6930B24C16408000F8432 /* Frameworks */ = {
			isa = PBXFrameworksBuildPhase;
			buildActionMask = 2147483647;
			files = (
				363F58D44FC5EA04E1FEFE9A /* Pods_Trial_Project_Final.framework in Frameworks */,
			);
			runOnlyForDeploymentPostprocessing = 0;
		};
/* End PBXFrameworksBuildPhase section */

/* Begin PBXGroup section */
		6259D3842237FB8836455967 /* Frameworks */ = {
			isa = PBXGroup;
			children = (
				DC55880311E2AAF78B930B00 /* Pods_Trial_Project_Final.framework */,
			);
			name = Frameworks;
			sourceTree = "<group>";
		};
		6336226E9CDCEC4B60E0B263 /* Pods */ = {
			isa = PBXGroup;
			children = (
				8F30463340FA3B5BD75B2C5E /* Pods-Trial-Project-Final.debug.xcconfig */,
				4E023F931785E321C98BDCF0 /* Pods-Trial-Project-Final.release.xcconfig */,
			);
			path = Pods;
			sourceTree = "<group>";
		};
		BAD59B2424C18F680057F8F8 /* Slide Menu */ = {
			isa = PBXGroup;
			children = (
				BAD59B2524C18F850057F8F8 /* SlideMenu.xib */,
				BAD59B2724C18F970057F8F8 /* SlideMenu.swift */,
			);
			path = "Slide Menu";
			sourceTree = "<group>";
		};
		BAD59B2924C19CB50057F8F8 /* View */ = {
			isa = PBXGroup;
			children = (
				BAD59B2424C18F680057F8F8 /* Slide Menu */,
				BAD6931724C16408000F8432 /* Main.storyboard */,
			);
			path = View;
			sourceTree = "<group>";
		};
		BAD59B2A24C19CDB0057F8F8 /* Controller */ = {
			isa = PBXGroup;
			children = (
				BAD59B2F24C1B5EE0057F8F8 /* Product */,
				BAD6931524C16408000F8432 /* MenuViewController.swift */,
				BAD59B2D24C1AAB30057F8F8 /* LoginViewController.swift */,
			);
			path = Controller;
			sourceTree = "<group>";
		};
		BAD59B2F24C1B5EE0057F8F8 /* Product */ = {
			isa = PBXGroup;
			children = (
				BAD59B3024C1B60A0057F8F8 /* ProductManagementViewController.swift */,
				BAD59B3124C1B60A0057F8F8 /* ProductManagementViewController.xib */,
			);
			path = Product;
			sourceTree = "<group>";
		};
		BAD6930524C16408000F8432 = {
			isa = PBXGroup;
			children = (
				BAD6931024C16408000F8432 /* Trial-Project-Final */,
				6336226E9CDCEC4B60E0B263 /* Pods */,
				6259D3842237FB8836455967 /* Frameworks */,
			);
			sourceTree = "<group>";
		};
		BAD6930F24C16408000F8432 /* Products */ = {
			isa = PBXGroup;
			children = (
				BAD6930E24C16408000F8432 /* Trial-Project-Final.app */,
			);
			name = Products;
			path = ..;
			sourceTree = "<group>";
		};
		BAD6931024C16408000F8432 /* Trial-Project-Final */ = {
			isa = PBXGroup;
			children = (
				BAD6931124C16408000F8432 /* AppDelegate.swift */,
				BAD6931324C16408000F8432 /* SceneDelegate.swift */,
				BAD59B2924C19CB50057F8F8 /* View */,
				BAD59B2A24C19CDB0057F8F8 /* Controller */,
				BAD6931A24C1640A000F8432 /* Assets.xcassets */,
				BAD6931C24C1640A000F8432 /* LaunchScreen.storyboard */,
				BAD6931F24C1640A000F8432 /* Info.plist */,
				BAD6930F24C16408000F8432 /* Products */,
			);
			path = "Trial-Project-Final";
			sourceTree = "<group>";
		};
/* End PBXGroup section */

/* Begin PBXNativeTarget section */
		BAD6930D24C16408000F8432 /* Trial-Project-Final */ = {
			isa = PBXNativeTarget;
			buildConfigurationList = BAD6932224C1640A000F8432 /* Build configuration list for PBXNativeTarget "Trial-Project-Final" */;
			buildPhases = (
				8B642C968A0E7254A3261E17 /* [CP] Check Pods Manifest.lock */,
				BAD6930A24C16408000F8432 /* Sources */,
				BAD6930B24C16408000F8432 /* Frameworks */,
				BAD6930C24C16408000F8432 /* Resources */,
				85F36F02141F402ACA638EB5 /* [CP] Embed Pods Frameworks */,
			);
			buildRules = (
			);
			dependencies = (
			);
			name = "Trial-Project-Final";
			productName = "Trial-Project-Final";
			productReference = BAD6930E24C16408000F8432 /* Trial-Project-Final.app */;
			productType = "com.apple.product-type.application";
		};
/* End PBXNativeTarget section */

/* Begin PBXProject section */
		BAD6930624C16408000F8432 /* Project object */ = {
			isa = PBXProject;
			attributes = {
				LastSwiftUpdateCheck = 1150;
				LastUpgradeCheck = 1150;
				ORGANIZATIONNAME = TPS;
				TargetAttributes = {
					BAD6930D24C16408000F8432 = {
						CreatedOnToolsVersion = 11.5;
					};
				};
			};
			buildConfigurationList = BAD6930924C16408000F8432 /* Build configuration list for PBXProject "Trial-Project-Final" */;
			compatibilityVersion = "Xcode 9.3";
			developmentRegion = en;
			hasScannedForEncodings = 0;
			knownRegions = (
				en,
				Base,
			);
			mainGroup = BAD6930524C16408000F8432;
			productRefGroup = BAD6930F24C16408000F8432 /* Products */;
			projectDirPath = "";
			projectRoot = "";
			targets = (
				BAD6930D24C16408000F8432 /* Trial-Project-Final */,
			);
		};
/* End PBXProject section */

/* Begin PBXResourcesBuildPhase section */
		BAD6930C24C16408000F8432 /* Resources */ = {
			isa = PBXResourcesBuildPhase;
			buildActionMask = 2147483647;
			files = (
				BAD59B2624C18F850057F8F8 /* SlideMenu.xib in Resources */,
				BAD59B3324C1B60A0057F8F8 /* ProductManagementViewController.xib in Resources */,
				BAD6931E24C1640A000F8432 /* LaunchScreen.storyboard in Resources */,
				BAD6931B24C1640A000F8432 /* Assets.xcassets in Resources */,
				BAD6931924C16408000F8432 /* Main.storyboard in Resources */,
			);
			runOnlyForDeploymentPostprocessing = 0;
		};
/* End PBXResourcesBuildPhase section */

/* Begin PBXShellScriptBuildPhase section */
		85F36F02141F402ACA638EB5 /* [CP] Embed Pods Frameworks */ = {
			isa = PBXShellScriptBuildPhase;
			buildActionMask = 2147483647;
			files = (
			);
			inputFileListPaths = (
				"${PODS_ROOT}/Target Support Files/Pods-Trial-Project-Final/Pods-Trial-Project-Final-frameworks-${CONFIGURATION}-input-files.xcfilelist",
			);
			name = "[CP] Embed Pods Frameworks";
			outputFileListPaths = (
				"${PODS_ROOT}/Target Support Files/Pods-Trial-Project-Final/Pods-Trial-Project-Final-frameworks-${CONFIGURATION}-output-files.xcfilelist",
			);
			runOnlyForDeploymentPostprocessing = 0;
			shellPath = /bin/sh;
			shellScript = "\"${PODS_ROOT}/Target Support Files/Pods-Trial-Project-Final/Pods-Trial-Project-Final-frameworks.sh\"\n";
			showEnvVarsInLog = 0;
		};
		8B642C968A0E7254A3261E17 /* [CP] Check Pods Manifest.lock */ = {
			isa = PBXShellScriptBuildPhase;
			buildActionMask = 2147483647;
			files = (
			);
			inputFileListPaths = (
			);
			inputPaths = (
				"${PODS_PODFILE_DIR_PATH}/Podfile.lock",
				"${PODS_ROOT}/Manifest.lock",
			);
			name = "[CP] Check Pods Manifest.lock";
			outputFileListPaths = (
			);
			outputPaths = (
				"$(DERIVED_FILE_DIR)/Pods-Trial-Project-Final-checkManifestLockResult.txt",
			);
			runOnlyForDeploymentPostprocessing = 0;
			shellPath = /bin/sh;
			shellScript = "diff \"${PODS_PODFILE_DIR_PATH}/Podfile.lock\" \"${PODS_ROOT}/Manifest.lock\" > /dev/null\nif [ $? != 0 ] ; then\n    # print error to STDERR\n    echo \"error: The sandbox is not in sync with the Podfile.lock. Run 'pod install' or update your CocoaPods installation.\" >&2\n    exit 1\nfi\n# This output is used by Xcode 'outputs' to avoid re-running this script phase.\necho \"SUCCESS\" > \"${SCRIPT_OUTPUT_FILE_0}\"\n";
			showEnvVarsInLog = 0;
		};
/* End PBXShellScriptBuildPhase section */

/* Begin PBXSourcesBuildPhase section */
		BAD6930A24C16408000F8432 /* Sources */ = {
			isa = PBXSourcesBuildPhase;
			buildActionMask = 2147483647;
			files = (
				BAD59B2824C18F970057F8F8 /* SlideMenu.swift in Sources */,
				BAD59B3224C1B60A0057F8F8 /* ProductManagementViewController.swift in Sources */,
				BAD6931624C16408000F8432 /* MenuViewController.swift in Sources */,
				BAD6931224C16408000F8432 /* AppDelegate.swift in Sources */,
				BAD59B2E24C1AAB30057F8F8 /* LoginViewController.swift in Sources */,
				BAD6931424C16408000F8432 /* SceneDelegate.swift in Sources */,
			);
			runOnlyForDeploymentPostprocessing = 0;
		};
/* End PBXSourcesBuildPhase section */

/* Begin PBXVariantGroup section */
		BAD6931724C16408000F8432 /* Main.storyboard */ = {
			isa = PBXVariantGroup;
			children = (
				BAD6931824C16408000F8432 /* Base */,
			);
			name = Main.storyboard;
			sourceTree = "<group>";
		};
		BAD6931C24C1640A000F8432 /* LaunchScreen.storyboard */ = {
			isa = PBXVariantGroup;
			children = (
				BAD6931D24C1640A000F8432 /* Base */,
			);
			name = LaunchScreen.storyboard;
			sourceTree = "<group>";
		};
/* End PBXVariantGroup section */

/* Begin XCBuildConfiguration section */
		BAD6932024C1640A000F8432 /* Debug */ = {
			isa = XCBuildConfiguration;
			buildSettings = {
				ALWAYS_SEARCH_USER_PATHS = NO;
				CLANG_ANALYZER_NONNULL = YES;
				CLANG_ANALYZER_NUMBER_OBJECT_CONVERSION = YES_AGGRESSIVE;
				CLANG_CXX_LANGUAGE_STANDARD = "gnu++14";
				CLANG_CXX_LIBRARY = "libc++";
				CLANG_ENABLE_MODULES = YES;
				CLANG_ENABLE_OBJC_ARC = YES;
				CLANG_ENABLE_OBJC_WEAK = YES;
				CLANG_WARN_BLOCK_CAPTURE_AUTORELEASING = YES;
				CLANG_WARN_BOOL_CONVERSION = YES;
				CLANG_WARN_COMMA = YES;
				CLANG_WARN_CONSTANT_CONVERSION = YES;
				CLANG_WARN_DEPRECATED_OBJC_IMPLEMENTATIONS = YES;
				CLANG_WARN_DIRECT_OBJC_ISA_USAGE = YES_ERROR;
				CLANG_WARN_DOCUMENTATION_COMMENTS = YES;
				CLANG_WARN_EMPTY_BODY = YES;
				CLANG_WARN_ENUM_CONVERSION = YES;
				CLANG_WARN_INFINITE_RECURSION = YES;
				CLANG_WARN_INT_CONVERSION = YES;
				CLANG_WARN_NON_LITERAL_NULL_CONVERSION = YES;
				CLANG_WARN_OBJC_IMPLICIT_RETAIN_SELF = YES;
				CLANG_WARN_OBJC_LITERAL_CONVERSION = YES;
				CLANG_WARN_OBJC_ROOT_CLASS = YES_ERROR;
				CLANG_WARN_RANGE_LOOP_ANALYSIS = YES;
				CLANG_WARN_STRICT_PROTOTYPES = YES;
				CLANG_WARN_SUSPICIOUS_MOVE = YES;
				CLANG_WARN_UNGUARDED_AVAILABILITY = YES_AGGRESSIVE;
				CLANG_WARN_UNREACHABLE_CODE = YES;
				CLANG_WARN__DUPLICATE_METHOD_MATCH = YES;
				COPY_PHASE_STRIP = NO;
				DEBUG_INFORMATION_FORMAT = dwarf;
				ENABLE_STRICT_OBJC_MSGSEND = YES;
				ENABLE_TESTABILITY = YES;
				GCC_C_LANGUAGE_STANDARD = gnu11;
				GCC_DYNAMIC_NO_PIC = NO;
				GCC_NO_COMMON_BLOCKS = YES;
				GCC_OPTIMIZATION_LEVEL = 0;
				GCC_PREPROCESSOR_DEFINITIONS = (
					"DEBUG=1",
					"$(inherited)",
				);
				GCC_WARN_64_TO_32_BIT_CONVERSION = YES;
				GCC_WARN_ABOUT_RETURN_TYPE = YES_ERROR;
				GCC_WARN_UNDECLARED_SELECTOR = YES;
				GCC_WARN_UNINITIALIZED_AUTOS = YES_AGGRESSIVE;
				GCC_WARN_UNUSED_FUNCTION = YES;
				GCC_WARN_UNUSED_VARIABLE = YES;
				IPHONEOS_DEPLOYMENT_TARGET = 13.5;
				MTL_ENABLE_DEBUG_INFO = INCLUDE_SOURCE;
				MTL_FAST_MATH = YES;
				ONLY_ACTIVE_ARCH = YES;
				SDKROOT = iphoneos;
				SWIFT_ACTIVE_COMPILATION_CONDITIONS = DEBUG;
				SWIFT_OPTIMIZATION_LEVEL = "-Onone";
			};
			name = Debug;
		};
		BAD6932124C1640A000F8432 /* Release */ = {
			isa = XCBuildConfiguration;
			buildSettings = {
				ALWAYS_SEARCH_USER_PATHS = NO;
				CLANG_ANALYZER_NONNULL = YES;
				CLANG_ANALYZER_NUMBER_OBJECT_CONVERSION = YES_AGGRESSIVE;
				CLANG_CXX_LANGUAGE_STANDARD = "gnu++14";
				CLANG_CXX_LIBRARY = "libc++";
				CLANG_ENABLE_MODULES = YES;
				CLANG_ENABLE_OBJC_ARC = YES;
				CLANG_ENABLE_OBJC_WEAK = YES;
				CLANG_WARN_BLOCK_CAPTURE_AUTORELEASING = YES;
				CLANG_WARN_BOOL_CONVERSION = YES;
				CLANG_WARN_COMMA = YES;
				CLANG_WARN_CONSTANT_CONVERSION = YES;
				CLANG_WARN_DEPRECATED_OBJC_IMPLEMENTATIONS = YES;
				CLANG_WARN_DIRECT_OBJC_ISA_USAGE = YES_ERROR;
				CLANG_WARN_DOCUMENTATION_COMMENTS = YES;
				CLANG_WARN_EMPTY_BODY = YES;
				CLANG_WARN_ENUM_CONVERSION = YES;
				CLANG_WARN_INFINITE_RECURSION = YES;
				CLANG_WARN_INT_CONVERSION = YES;
				CLANG_WARN_NON_LITERAL_NULL_CONVERSION = YES;
				CLANG_WARN_OBJC_IMPLICIT_RETAIN_SELF = YES;
				CLANG_WARN_OBJC_LITERAL_CONVERSION = YES;
				CLANG_WARN_OBJC_ROOT_CLASS = YES_ERROR;
				CLANG_WARN_RANGE_LOOP_ANALYSIS = YES;
				CLANG_WARN_STRICT_PROTOTYPES = YES;
				CLANG_WARN_SUSPICIOUS_MOVE = YES;
				CLANG_WARN_UNGUARDED_AVAILABILITY = YES_AGGRESSIVE;
				CLANG_WARN_UNREACHABLE_CODE = YES;
				CLANG_WARN__DUPLICATE_METHOD_MATCH = YES;
				COPY_PHASE_STRIP = NO;
				DEBUG_INFORMATION_FORMAT = "dwarf-with-dsym";
				ENABLE_NS_ASSERTIONS = NO;
				ENABLE_STRICT_OBJC_MSGSEND = YES;
				GCC_C_LANGUAGE_STANDARD = gnu11;
				GCC_NO_COMMON_BLOCKS = YES;
				GCC_WARN_64_TO_32_BIT_CONVERSION = YES;
				GCC_WARN_ABOUT_RETURN_TYPE = YES_ERROR;
				GCC_WARN_UNDECLARED_SELECTOR = YES;
				GCC_WARN_UNINITIALIZED_AUTOS = YES_AGGRESSIVE;
				GCC_WARN_UNUSED_FUNCTION = YES;
				GCC_WARN_UNUSED_VARIABLE = YES;
				IPHONEOS_DEPLOYMENT_TARGET = 13.5;
				MTL_ENABLE_DEBUG_INFO = NO;
				MTL_FAST_MATH = YES;
				SDKROOT = iphoneos;
				SWIFT_COMPILATION_MODE = wholemodule;
				SWIFT_OPTIMIZATION_LEVEL = "-O";
				VALIDATE_PRODUCT = YES;
			};
			name = Release;
		};
		BAD6932324C1640A000F8432 /* Debug */ = {
			isa = XCBuildConfiguration;
			baseConfigurationReference = 8F30463340FA3B5BD75B2C5E /* Pods-Trial-Project-Final.debug.xcconfig */;
			buildSettings = {
				ASSETCATALOG_COMPILER_APPICON_NAME = AppIcon;
				CODE_SIGN_STYLE = Automatic;
				INFOPLIST_FILE = "Trial-Project-Final/Info.plist";
				LD_RUNPATH_SEARCH_PATHS = (
					"$(inherited)",
					"@executable_path/Frameworks",
				);
				PRODUCT_BUNDLE_IDENTIFIER = "com.tps.Trial-Project-Final";
				PRODUCT_NAME = "$(TARGET_NAME)";
				SWIFT_VERSION = 5.0;
				TARGETED_DEVICE_FAMILY = "1,2";
			};
			name = Debug;
		};
		BAD6932424C1640A000F8432 /* Release */ = {
			isa = XCBuildConfiguration;
			baseConfigurationReference = 4E023F931785E321C98BDCF0 /* Pods-Trial-Project-Final.release.xcconfig */;
			buildSettings = {
				ASSETCATALOG_COMPILER_APPICON_NAME = AppIcon;
				CODE_SIGN_STYLE = Automatic;
				INFOPLIST_FILE = "Trial-Project-Final/Info.plist";
				LD_RUNPATH_SEARCH_PATHS = (
					"$(inherited)",
					"@executable_path/Frameworks",
				);
				PRODUCT_BUNDLE_IDENTIFIER = "com.tps.Trial-Project-Final";
				PRODUCT_NAME = "$(TARGET_NAME)";
				SWIFT_VERSION = 5.0;
				TARGETED_DEVICE_FAMILY = "1,2";
			};
			name = Release;
		};
/* End XCBuildConfiguration section */

/* Begin XCConfigurationList section */
		BAD6930924C16408000F8432 /* Build configuration list for PBXProject "Trial-Project-Final" */ = {
			isa = XCConfigurationList;
			buildConfigurations = (
				BAD6932024C1640A000F8432 /* Debug */,
				BAD6932124C1640A000F8432 /* Release */,
			);
			defaultConfigurationIsVisible = 0;
			defaultConfigurationName = Release;
		};
		BAD6932224C1640A000F8432 /* Build configuration list for PBXNativeTarget "Trial-Project-Final" */ = {
			isa = XCConfigurationList;
			buildConfigurations = (
				BAD6932324C1640A000F8432 /* Debug */,
				BAD6932424C1640A000F8432 /* Release */,
			);
			defaultConfigurationIsVisible = 0;
			defaultConfigurationName = Release;
		};
/* End XCConfigurationList section */
	};
	rootObject = BAD6930624C16408000F8432 /* Project object */;
}
